
Microsoft Visual Studio Solution File, Format Version 12.00
# Visual Studio Version 16
VisualStudioVersion = 16.0.31105.61
MinimumVisualStudioVersion = 10.0.40219.1
Project("{8BC9CEB8-8B4A-11D0-8D11-00A0C91BC942}") = "EVA01", "EVA01.vcxproj", "{BD78D5BE-DF5D-43C4-8E3A-4303F3A1F4C9}"
EndProject
Project("{54435603-DBB4-11D2-8724-00A0C9A8B90C}") = "Chromatography", "..\Chromatography\Chromatography.vdproj", "{6511BDE9-CA81-4C1C-943B-7A77A81A4FEE}"
EndProject
Global
	GlobalSection(SolutionConfigurationPlatforms) = preSolution
		Debug|x64 = Debug|x64
		Debug|x86 = Debug|x86
		Release|x64 = Release|x64
		Release|x86 = Release|x86
	EndGlobalSection
	GlobalSection(ProjectConfigurationPlatforms) = postSolution
		{BD78D5BE-DF5D-43C4-8E3A-4303F3A1F4C9}.Debug|x64.ActiveCfg = Debug|x64
		{BD78D5BE-DF5D-43C4-8E3A-4303F3A1F4C9}.Debug|x64.Build.0 = Debug|x64
		{BD78D5BE-DF5D-43C4-8E3A-4303F3A1F4C9}.Debug|x86.ActiveCfg = Debug|Win32
		{BD78D5BE-DF5D-43C4-8E3A-4303F3A1F4C9}.Debug|x86.Build.0 = Debug|Win32
		{BD78D5BE-DF5D-43C4-8E3A-4303F3A1F4C9}.Release|x64.ActiveCfg = Release|x64
		{BD78D5BE-DF5D-43C4-8E3A-4303F3A1F4C9}.Release|x64.Build.0 = Release|x64
		{BD78D5BE-DF5D-43C4-8E3A-4303F3A1F4C9}.Release|x86.ActiveCfg = Release|Win32
		{BD78D5BE-DF5D-43C4-8E3A-4303F3A1F4C9}.Release|x86.Build.0 = Release|Win32
		{6511BDE9-CA81-4C1C-943B-7A77A81A4FEE}.Debug|x64.ActiveCfg = Debug
		{6511BDE9-CA81-4C1C-943B-7A77A81A4FEE}.Debug|x86.ActiveCfg = Debug
		{6511BDE9-CA81-4C1C-943B-7A77A81A4FEE}.Release|x64.ActiveCfg = Release
		{6511BDE9-CA81-4C1C-943B-7A77A81A4FEE}.Release|x86.ActiveCfg = Release
	EndGlobalSection
	GlobalSection(SolutionProperties) = preSolution
		HideSolutionNode = FALSE
	EndGlobalSection
	GlobalSection(ExtensibilityGlobals) = postSolution
		SolutionGuid = {8F77BED3-2768-4DDD-BEF6-E1A25AFFCA5C}
	EndGlobalSection
EndGlobal
